# THIS IS AN AUTOGENERATED FILE. DO NOT EDIT THIS FILE DIRECTLY.
# yarn lockfile v1


"@ckeditor/ckeditor5-clipboard@^35.3.2":
  version "35.3.2"
  resolved "https://registry.npmjs.org/@ckeditor/ckeditor5-clipboard/-/ckeditor5-clipboard-35.3.2.tgz"
  integrity sha512-0l+dN8CrAHMC085mohVfolhOdGLvwky6HoYoAlxPMe8n3zCFgQtlcolmj3cA8qrO7OvFDSl2YrtWfg8mb+BeSA==
  dependencies:
    "@ckeditor/ckeditor5-core" "^35.3.2"
    "@ckeditor/ckeditor5-engine" "^35.3.2"
    "@ckeditor/ckeditor5-utils" "^35.3.2"
    "@ckeditor/ckeditor5-widget" "^35.3.2"
    lodash-es "^4.17.11"

"@ckeditor/ckeditor5-core@^35.3.2":
  version "35.3.2"
  resolved "https://registry.npmjs.org/@ckeditor/ckeditor5-core/-/ckeditor5-core-35.3.2.tgz"
  integrity sha512-OnrHf9i0D79DdIMIE98A9x0y4XCxGItcOXcTHd9s+jWFMtiAvQ37vDGrqgDlHW646RBBF0GAmxrmP4F9HzEeMA==
  dependencies:
    "@ckeditor/ckeditor5-engine" "^35.3.2"
    "@ckeditor/ckeditor5-ui" "^35.3.2"
    "@ckeditor/ckeditor5-utils" "^35.3.2"
    lodash-es "^4.17.15"

"@ckeditor/ckeditor5-engine@^35.3.2":
  version "35.3.2"
  resolved "https://registry.npmjs.org/@ckeditor/ckeditor5-engine/-/ckeditor5-engine-35.3.2.tgz"
  integrity sha512-/H20Y6VlYxRyNiorRXF3VtbykQqgo+RbhMfzRQasC9TdrFyRaC3HW67Kq5bjeKoeoZweEM6Dziy8pnrMZlhecg==
  dependencies:
    "@ckeditor/ckeditor5-utils" "^35.3.2"
    lodash-es "^4.17.15"

"@ckeditor/ckeditor5-enter@^35.3.2":
  version "35.3.2"
  resolved "https://registry.npmjs.org/@ckeditor/ckeditor5-enter/-/ckeditor5-enter-35.3.2.tgz"
  integrity sha512-9bm4TbyIUu880FFVkNRUqSOYOs5R37CIB8BQZqV2T7cOI7L4RT0+hyXu+Zmg844WSD/+GtAZ+y0FlSi50Ze6oA==
  dependencies:
    "@ckeditor/ckeditor5-core" "^35.3.2"
    "@ckeditor/ckeditor5-engine" "^35.3.2"

"@ckeditor/ckeditor5-html-support@^35.3.2":
  version "35.3.2"
  resolved "https://registry.npmjs.org/@ckeditor/ckeditor5-html-support/-/ckeditor5-html-support-35.3.2.tgz"
  integrity sha512-SZNg3OSqDsuV+YcfiFzUCMzkVkVuVhqzzErXYiA/uZf8SV3P68o+vQ98R9kBx6Xp9Gk4ifUz0eWYv1kmMK4K/Q==
  dependencies:
    ckeditor5 "^35.3.2"
    lodash-es "^4.17.15"

"@ckeditor/ckeditor5-paragraph@^35.3.2":
  version "35.3.2"
  resolved "https://registry.npmjs.org/@ckeditor/ckeditor5-paragraph/-/ckeditor5-paragraph-35.3.2.tgz"
  integrity sha512-1t0cEio8fW28pSw1J2kFKH6N7aiwx7H9NQ+GSfCufeSZcI/PUs+oWfehLcNswrdD4M77o+AZrc3BYrmxQYSLOw==
  dependencies:
    "@ckeditor/ckeditor5-core" "^35.3.2"
    "@ckeditor/ckeditor5-ui" "^35.3.2"
    "@ckeditor/ckeditor5-utils" "^35.3.2"

"@ckeditor/ckeditor5-select-all@^35.3.2":
  version "35.3.2"
  resolved "https://registry.npmjs.org/@ckeditor/ckeditor5-select-all/-/ckeditor5-select-all-35.3.2.tgz"
  integrity sha512-MFfYGmXL1myexvXJyiFWI2eieEP2UcAmtyTE3NnFd3xV8dSVd59NRKT0gMQJFjVU/zflQCmNOqYYTGxpg7CROQ==
  dependencies:
    "@ckeditor/ckeditor5-core" "^35.3.2"
    "@ckeditor/ckeditor5-ui" "^35.3.2"
    "@ckeditor/ckeditor5-utils" "^35.3.2"

"@ckeditor/ckeditor5-source-editing@^35.3.0":
  version "35.3.0"
  resolved "https://registry.npmjs.org/@ckeditor/ckeditor5-source-editing/-/ckeditor5-source-editing-35.3.0.tgz"
  integrity sha512-QwE+c/J59evqvBe/INOiQ7kox4xg4QKpGMZDqXFd3jzqsxhlgM0esZVFB8ra1koGcE0QnTebdIWzfmrGnkwwWg==
  dependencies:
    "@ckeditor/ckeditor5-theme-lark" "^35.3.0"
    ckeditor5 "^35.3.0"

"@ckeditor/ckeditor5-theme-lark@^35.3.0":
  version "35.3.0"
  resolved "https://registry.npmjs.org/@ckeditor/ckeditor5-theme-lark/-/ckeditor5-theme-lark-35.3.0.tgz"
  integrity sha512-c/ejug43nkE21Qa59qkAOAAUKWi7uBcsEIxBCWNFC24V/bvnbCgeHk7R+fOYgKzQ1tGndFcfN1V50AiIW0YpLA==
  dependencies:
    "@ckeditor/ckeditor5-ui" "^35.3.0"

"@ckeditor/ckeditor5-typing@^35.3.2":
  version "35.3.2"
  resolved "https://registry.npmjs.org/@ckeditor/ckeditor5-typing/-/ckeditor5-typing-35.3.2.tgz"
  integrity sha512-cu5gSAKGHAUdKVA1p8NBppoBuQSbDFdTaBFE51ske+RQhFpMBQVyHzgxfsXb/Ui7f3fDw91eJLg8MtrChvDPsA==
  dependencies:
    "@ckeditor/ckeditor5-core" "^35.3.2"
    "@ckeditor/ckeditor5-engine" "^35.3.2"
    "@ckeditor/ckeditor5-utils" "^35.3.2"
    lodash-es "^4.17.15"

"@ckeditor/ckeditor5-ui@^35.3.0", "@ckeditor/ckeditor5-ui@^35.3.2":
  version "35.3.2"
  resolved "https://registry.npmjs.org/@ckeditor/ckeditor5-ui/-/ckeditor5-ui-35.3.2.tgz"
  integrity sha512-0NlDVRsC9H9dx9I54reolXp2O/4a31aV7vhubiIzVVNiHkOxzfUSNnzhOzeMP7pej6ZYt/jTqCtv0qy+35ByOQ==
  dependencies:
    "@ckeditor/ckeditor5-core" "^35.3.2"
    "@ckeditor/ckeditor5-utils" "^35.3.2"
    lodash-es "^4.17.15"

"@ckeditor/ckeditor5-undo@^35.3.2":
  version "35.3.2"
  resolved "https://registry.npmjs.org/@ckeditor/ckeditor5-undo/-/ckeditor5-undo-35.3.2.tgz"
  integrity sha512-1vjIytAE/VhCGrN3IrhEJHURrPHYxtBzUEgDWPwvGZhML8vG9+4PtEvfUF3+rDiI5c6CkcJ77phPIM6KM9z4ow==
  dependencies:
    "@ckeditor/ckeditor5-core" "^35.3.2"
    "@ckeditor/ckeditor5-engine" "^35.3.2"
    "@ckeditor/ckeditor5-ui" "^35.3.2"

"@ckeditor/ckeditor5-upload@^35.3.2":
  version "35.3.2"
  resolved "https://registry.npmjs.org/@ckeditor/ckeditor5-upload/-/ckeditor5-upload-35.3.2.tgz"
  integrity sha512-/xq5foAuf+3xWDlzm3qLloEAVVYGlJ92LFyrMSmw3Kzu8Cu/yQR8wRscgXLQWa1MpzasYLl09N0hxBi9evtx7Q==
  dependencies:
    "@ckeditor/ckeditor5-core" "^35.3.2"
    "@ckeditor/ckeditor5-ui" "^35.3.2"
    "@ckeditor/ckeditor5-utils" "^35.3.2"

"@ckeditor/ckeditor5-utils@^35.3.2":
  version "35.3.2"
  resolved "https://registry.npmjs.org/@ckeditor/ckeditor5-utils/-/ckeditor5-utils-35.3.2.tgz"
  integrity sha512-iw2361Ek9K8Dqu8JI60DcijSsDzHMZVCNiwxBCxDEywmEKod5hENwnwZvQM+C0CWBmshQCAXhy/dJ1YWTvGrsg==
  dependencies:
    lodash-es "^4.17.15"

"@ckeditor/ckeditor5-widget@^35.3.2":
  version "35.3.2"
  resolved "https://registry.npmjs.org/@ckeditor/ckeditor5-widget/-/ckeditor5-widget-35.3.2.tgz"
  integrity sha512-68T4X6hx9wKC8W5FZ1fcREFQu3O5GDRECZjSZ7xpPZU42ahzeolRVmGFeeRVl2ZgMMVp1YdE2tU4rXFQ8Uwk7Q==
  dependencies:
    "@ckeditor/ckeditor5-core" "^35.3.2"
    "@ckeditor/ckeditor5-engine" "^35.3.2"
    "@ckeditor/ckeditor5-enter" "^35.3.2"
    "@ckeditor/ckeditor5-typing" "^35.3.2"
    "@ckeditor/ckeditor5-ui" "^35.3.2"
    "@ckeditor/ckeditor5-utils" "^35.3.2"
    lodash-es "^4.17.15"

asynckit@^0.4.0:
  version "0.4.0"
  resolved "https://registry.npmjs.org/asynckit/-/asynckit-0.4.0.tgz"
  integrity sha512-Oei9OH4tRh0YqU3GxhX79dM/mwVgvbZJaSNaRk+bshkj0S5cfHcgYakreBjrHwatXKbz+IoIdYLxrKim2MjW0Q==

axios@^0.27:
  version "0.27.2"
  resolved "https://registry.npmjs.org/axios/-/axios-0.27.2.tgz"
  integrity sha512-t+yRIyySRTp/wua5xEr+z1q60QmLq8ABsS5O9Me1AsE5dfKqgnCFzwiCZZ/cGNd1lq4/7akDWMxdhVlucjmnOQ==
  dependencies:
    follow-redirects "^1.14.9"
    form-data "^4.0.0"

ckeditor5@^35.3.0, ckeditor5@^35.3.2:
  version "35.3.2"
  resolved "https://registry.npmjs.org/ckeditor5/-/ckeditor5-35.3.2.tgz"
  integrity sha512-QQbXi3EbarHOdb8qgQ+EY8PhDYrtpRMQC3k3J9rhTZLQcVYYxMkFwlVtaN8TtxpLo00KGAV1+FticdBL7RqpXA==
  dependencies:
    "@ckeditor/ckeditor5-clipboard" "^35.3.2"
    "@ckeditor/ckeditor5-core" "^35.3.2"
    "@ckeditor/ckeditor5-engine" "^35.3.2"
    "@ckeditor/ckeditor5-enter" "^35.3.2"
    "@ckeditor/ckeditor5-paragraph" "^35.3.2"
    "@ckeditor/ckeditor5-select-all" "^35.3.2"
    "@ckeditor/ckeditor5-typing" "^35.3.2"
    "@ckeditor/ckeditor5-ui" "^35.3.2"
    "@ckeditor/ckeditor5-undo" "^35.3.2"
    "@ckeditor/ckeditor5-upload" "^35.3.2"
    "@ckeditor/ckeditor5-utils" "^35.3.2"
    "@ckeditor/ckeditor5-widget" "^35.3.2"

combined-stream@^1.0.8:
  version "1.0.8"
  resolved "https://registry.npmjs.org/combined-stream/-/combined-stream-1.0.8.tgz"
  integrity sha512-FQN4MRfuJeHf7cBbBMJFXhKSDq+2kAArBlmRBvcvFE5BB1HZKXtSFASDhdlz9zOYwxh8lDdnvmMOe/+5cdoEdg==
  dependencies:
    delayed-stream "~1.0.0"

delayed-stream@~1.0.0:
  version "1.0.0"
  resolved "https://registry.npmjs.org/delayed-stream/-/delayed-stream-1.0.0.tgz"
  integrity sha512-ZySD7Nf91aLB0RxL4KGrKHBXl7Eds1DAmEdcoVawXnLD7SDhpNgtuII2aAkg7a7QS41jxPSZ17p4VdGnMHk3MQ==

esbuild-windows-64@0.15.13:
  version "0.15.13"
  resolved "https://registry.npmjs.org/esbuild-windows-64/-/esbuild-windows-64-0.15.13.tgz"
  integrity sha512-Et6htEfGycjDrtqb2ng6nT+baesZPYQIW+HUEHK4D1ncggNrDNk3yoboYQ5KtiVrw/JaDMNttz8rrPubV/fvPQ==

esbuild@^0.15.9:
  version "0.15.13"
  resolved "https://registry.npmjs.org/esbuild/-/esbuild-0.15.13.tgz"
  integrity sha512-Cu3SC84oyzzhrK/YyN4iEVy2jZu5t2fz66HEOShHURcjSkOSAVL8C/gfUT+lDJxkVHpg8GZ10DD0rMHRPqMFaQ==
  optionalDependencies:
    "@esbuild/android-arm" "0.15.13"
    "@esbuild/linux-loong64" "0.15.13"
    esbuild-android-64 "0.15.13"
    esbuild-android-arm64 "0.15.13"
    esbuild-darwin-64 "0.15.13"
    esbuild-darwin-arm64 "0.15.13"
    esbuild-freebsd-64 "0.15.13"
    esbuild-freebsd-arm64 "0.15.13"
    esbuild-linux-32 "0.15.13"
    esbuild-linux-64 "0.15.13"
    esbuild-linux-arm "0.15.13"
    esbuild-linux-arm64 "0.15.13"
    esbuild-linux-mips64le "0.15.13"
    esbuild-linux-ppc64le "0.15.13"
    esbuild-linux-riscv64 "0.15.13"
    esbuild-linux-s390x "0.15.13"
    esbuild-netbsd-64 "0.15.13"
    esbuild-openbsd-64 "0.15.13"
    esbuild-sunos-64 "0.15.13"
    esbuild-windows-32 "0.15.13"
    esbuild-windows-64 "0.15.13"
    esbuild-windows-arm64 "0.15.13"

follow-redirects@^1.14.9:
  version "1.15.2"
  resolved "https://registry.npmjs.org/follow-redirects/-/follow-redirects-1.15.2.tgz"
  integrity sha512-VQLG33o04KaQ8uYi2tVNbdrWp1QWxNNea+nmIB4EVM28v0hmP17z7aG1+wAkNzVq4KeXTq3221ye5qTJP91JwA==

form-data@^4.0.0:
  version "4.0.0"
  resolved "https://registry.npmjs.org/form-data/-/form-data-4.0.0.tgz"
  integrity sha512-ETEklSGi5t0QMZuiXoA/Q6vcnxcLQP5vdugSpuAyi6SVGi2clPPp+xgEhuMaHC+zGgn31Kd235W35f7Hykkaww==
  dependencies:
    asynckit "^0.4.0"
    combined-stream "^1.0.8"
    mime-types "^2.1.12"

function-bind@^1.1.1:
  version "1.1.1"
  resolved "https://registry.npmjs.org/function-bind/-/function-bind-1.1.1.tgz"
  integrity sha512-yIovAzMX49sF8Yl58fSCWJ5svSLuaibPxXQJFLmBObTuCr0Mf1KiPopGM9NiFjiYBCbfaa2Fh6breQ6ANVTI0A==

has@^1.0.3:
  version "1.0.3"
  resolved "https://registry.npmjs.org/has/-/has-1.0.3.tgz"
  integrity sha512-f2dvO0VU6Oej7RkWJGrehjbzMAjFp5/VKPp5tTpWIV4JHHZK1/BxbFRtf/siA2SWTe09caDmVtYYzWEIbBS4zw==
  dependencies:
    function-bind "^1.1.1"

is-core-module@^2.9.0:
  version "2.11.0"
  resolved "https://registry.npmjs.org/is-core-module/-/is-core-module-2.11.0.tgz"
  integrity sha512-RRjxlvLDkD1YJwDbroBHMb+cukurkDWNyHx7D3oNB5x9rb5ogcksMC5wHCadcXoo67gVr/+3GFySh3134zi6rw==
  dependencies:
    has "^1.0.3"

laravel-vite-plugin@^0.5.0:
  version "0.5.4"
  resolved "https://registry.npmjs.org/laravel-vite-plugin/-/laravel-vite-plugin-0.5.4.tgz"
  integrity sha512-LSLLul+YwY3egz0fzO4TPEGtUQAL4F2hrrt5wfQo3OzUfjVrqtRy0w1Zkw/g8CkfUyAZhr59oc/RxvPmpF9czg==
  dependencies:
    vite-plugin-full-reload "^1.0.1"

lodash-es@^4.17.11, lodash-es@^4.17.15:
  version "4.17.21"
  resolved "https://registry.npmjs.org/lodash-es/-/lodash-es-4.17.21.tgz"
  integrity sha512-mKnC+QJ9pWVzv+C4/U3rRsHapFfHvQFoFB92e52xeyGMcX6/OlIl78je1u8vePzYZSkkogMPJ2yjxxsb89cxyw==

lodash@^4.17.19:
  version "4.17.21"
  resolved "https://registry.npmjs.org/lodash/-/lodash-4.17.21.tgz"
  integrity sha512-v2kDEe57lecTulaDIuNTPy3Ry4gLGJ6Z1O3vE1krgXZNrsQ+LFTGHVxVjcXPs17LhbZVGedAJv8XZ1tvj5FvSg==

mime-db@1.52.0:
  version "1.52.0"
  resolved "https://registry.npmjs.org/mime-db/-/mime-db-1.52.0.tgz"
  integrity sha512-sPU4uV7dYlvtWJxwwxHD0PuihVNiE7TyAbQ5SWxDCB9mUYvOgroQOwYQQOKPJ8CIbE+1ETVlOoK1UC2nU3gYvg==

mime-types@^2.1.12:
  version "2.1.35"
  resolved "https://registry.npmjs.org/mime-types/-/mime-types-2.1.35.tgz"
  integrity sha512-ZDY+bPm5zTTF+YpCrAU9nK0UgICYPT0QtT1NZWFv4s++TNkcgVaT0g6+4R2uI4MjQjzysHB1zxuWL50hzaeXiw==
  dependencies:
    mime-db "1.52.0"

nanoid@^3.3.4:
  version "3.3.4"
  resolved "https://registry.npmjs.org/nanoid/-/nanoid-3.3.4.tgz"
  integrity sha512-MqBkQh/OHTS2egovRtLk45wEyNXwF+cokD+1YPf9u5VfJiRdAiRwB2froX5Co9Rh20xs4siNPm8naNotSD6RBw==

path-parse@^1.0.7:
  version "1.0.7"
  resolved "https://registry.npmjs.org/path-parse/-/path-parse-1.0.7.tgz"
  integrity sha512-LDJzPVEEEPR+y48z93A0Ed0yXb8pAByGWo/k5YYdYgpY2/2EsOsksJrq7lOHxryrVOn1ejG6oAp8ahvOIQD8sw==

picocolors@^1.0.0:
  version "1.0.0"
  resolved "https://registry.npmjs.org/picocolors/-/picocolors-1.0.0.tgz"
  integrity sha512-1fygroTLlHu66zi26VoTDv8yRgm0Fccecssto+MhsZ0D/DGW2sm8E8AjW7NU5VVTRt5GxbeZ5qBuJr+HyLYkjQ==

picomatch@^2.3.1:
  version "2.3.1"
  resolved "https://registry.npmjs.org/picomatch/-/picomatch-2.3.1.tgz"
  integrity sha512-JU3teHTNjmE2VCGFzuY8EXzCDVwEqB2a8fsIvwaStHhAWJEeVd1o1QD80CU6+ZdEXXSLbSsuLwJjkCBWqRQUVA==

postcss@^8.1.14, postcss@^8.4.18:
  version "8.4.18"
  resolved "https://registry.npmjs.org/postcss/-/postcss-8.4.18.tgz"
  integrity sha512-Wi8mWhncLJm11GATDaQKobXSNEYGUHeQLiQqDFG1qQ5UTDPTEvKw0Xt5NsTpktGTwLps3ByrWsBrG0rB8YQ9oA==
  dependencies:
    nanoid "^3.3.4"
    picocolors "^1.0.0"
    source-map-js "^1.0.2"

resolve@^1.22.1:
  version "1.22.1"
  resolved "https://registry.npmjs.org/resolve/-/resolve-1.22.1.tgz"
  integrity sha512-nBpuuYuY5jFsli/JIs1oldw6fOQCBioohqWZg/2hiaOybXOft4lonv85uDOKXdf8rhyK159cxU5cDcK/NKk8zw==
  dependencies:
    is-core-module "^2.9.0"
    path-parse "^1.0.7"
    supports-preserve-symlinks-flag "^1.0.0"

rollup@^2.79.1:
  version "2.79.1"
  resolved "https://registry.npmjs.org/rollup/-/rollup-2.79.1.tgz"
  integrity sha512-uKxbd0IhMZOhjAiD5oAFp7BqvkA4Dv47qpOCtaNvng4HBwdbWtdOh8f5nZNuk2rp51PMGk3bzfWu5oayNEuYnw==
  optionalDependencies:
    fsevents "~2.3.2"

source-map-js@^1.0.2:
  version "1.0.2"
  resolved "https://registry.npmjs.org/source-map-js/-/source-map-js-1.0.2.tgz"
  integrity sha512-R0XvVJ9WusLiqTCEiGCmICCMplcCkIwwR11mOSD9CR5u+IXYdiseeEuXCVAjS54zqwkLcPNnmU4OeJ6tUrWhDw==

supports-preserve-symlinks-flag@^1.0.0:
  version "1.0.0"
  resolved "https://registry.npmjs.org/supports-preserve-symlinks-flag/-/supports-preserve-symlinks-flag-1.0.0.tgz"
  integrity sha512-ot0WnXS9fgdkgIcePe6RHNk1WA8+muPa6cSjeR3V8K27q9BB1rTE3R1p7Hv0z1ZyAc8s6Vvv8DIyWf681MAt0w==

vite-plugin-full-reload@^1.0.1:
  version "1.0.4"
  resolved "https://registry.npmjs.org/vite-plugin-full-reload/-/vite-plugin-full-reload-1.0.4.tgz"
  integrity sha512-9WejQII6zJ++m/YE173Zvl2jq4cqa404KNrVT+JDzDnqaGRq5UvOvA48fnsSWPIMXFV7S0dq5+sZqcSB+tKBgA==
  dependencies:
    picocolors "^1.0.0"
    picomatch "^2.3.1"

"vite@^2 || ^3", vite@^3.0.0:
  version "3.2.3"
  resolved "https://registry.npmjs.org/vite/-/vite-3.2.3.tgz"
  integrity sha512-h8jl1TZ76eGs3o2dIBSsvXDLb1m/Ec1iej8ZMdz+PsaFUsftZeWe2CZOI3qogEsMNaywc17gu0q6cQDzh/weCQ==
  dependencies:
    esbuild "^0.15.9"
    postcss "^8.4.18"
    resolve "^1.22.1"
    rollup "^2.79.1"
  optionalDependencies:
    fsevents "~2.3.2"
